
Microsoft Visual Studio Solution File, Format Version 12.00
# Visual Studio Version 16
VisualStudioVersion = 16.0.30517.126
MinimumVisualStudioVersion = 10.0.40219.1
Project("{FAE04EC0-301F-11D3-BF4B-00C04F79EFBC}") = "XtendHealthChallenge", "XtendHealthChallenge.csproj", "{95DEC49A-ABAA-4355-9C33-C775AA17F06E}"
	ProjectSection(ProjectDependencies) = postProject
		{1E0D7C51-6314-461E-9DAF-625AE75BEBCE} = {1E0D7C51-6314-461E-9DAF-625AE75BEBCE}
	EndProjectSection
EndProject
Project("{FAE04EC0-301F-11D3-BF4B-00C04F79EFBC}") = "XtendHealthChallengeUnitTest", "..\XtendHealthChallengeUnitTest\XtendHealthChallengeUnitTest.csproj", "{A4E9B01F-CDE1-4F50-806A-D8D3B7E102EC}"
	ProjectSection(ProjectDependencies) = postProject
		{1E0D7C51-6314-461E-9DAF-625AE75BEBCE} = {1E0D7C51-6314-461E-9DAF-625AE75BEBCE}
	EndProjectSection
EndProject
Project("{FAE04EC0-301F-11D3-BF4B-00C04F79EFBC}") = "XtendHealthWebApi_Project", "..\XtendHealthWebApi_Project\XtendHealthWebApi_Project.csproj", "{1E0D7C51-6314-461E-9DAF-625AE75BEBCE}"
EndProject
Global
	GlobalSection(SolutionConfigurationPlatforms) = preSolution
		Debug|Any CPU = Debug|Any CPU
		Release|Any CPU = Release|Any CPU
	EndGlobalSection
	GlobalSection(ProjectConfigurationPlatforms) = postSolution
		{95DEC49A-ABAA-4355-9C33-C775AA17F06E}.Debug|Any CPU.ActiveCfg = Debug|Any CPU
		{95DEC49A-ABAA-4355-9C33-C775AA17F06E}.Debug|Any CPU.Build.0 = Debug|Any CPU
		{95DEC49A-ABAA-4355-9C33-C775AA17F06E}.Release|Any CPU.ActiveCfg = Release|Any CPU
		{95DEC49A-ABAA-4355-9C33-C775AA17F06E}.Release|Any CPU.Build.0 = Release|Any CPU
		{A4E9B01F-CDE1-4F50-806A-D8D3B7E102EC}.Debug|Any CPU.ActiveCfg = Debug|Any CPU
		{A4E9B01F-CDE1-4F50-806A-D8D3B7E102EC}.Debug|Any CPU.Build.0 = Debug|Any CPU
		{A4E9B01F-CDE1-4F50-806A-D8D3B7E102EC}.Release|Any CPU.ActiveCfg = Release|Any CPU
		{A4E9B01F-CDE1-4F50-806A-D8D3B7E102EC}.Release|Any CPU.Build.0 = Release|Any CPU
		{1E0D7C51-6314-461E-9DAF-625AE75BEBCE}.Debug|Any CPU.ActiveCfg = Debug|Any CPU
		{1E0D7C51-6314-461E-9DAF-625AE75BEBCE}.Debug|Any CPU.Build.0 = Debug|Any CPU
		{1E0D7C51-6314-461E-9DAF-625AE75BEBCE}.Release|Any CPU.ActiveCfg = Release|Any CPU
		{1E0D7C51-6314-461E-9DAF-625AE75BEBCE}.Release|Any CPU.Build.0 = Release|Any CPU
	EndGlobalSection
	GlobalSection(SolutionProperties) = preSolution
		HideSolutionNode = FALSE
	EndGlobalSection
	GlobalSection(ExtensibilityGlobals) = postSolution
		SolutionGuid = {1A4B0FA9-1FA8-4CBD-B612-7E5131CF0A58}
	EndGlobalSection
EndGlobal
